// !$*UTF8*$!
{
	archiveVersion = 1;
	classes = {
	};
	objectVersion = 46;
	objects = {

/* Begin PBXBuildFile section */
		454890EC1A94334100680907 /* AppDelegate.swift in Sources */ = {isa = PBXBuildFile; fileRef = 454890EB1A94334100680907 /* AppDelegate.swift */; };
		454890EE1A94334100680907 /* ViewController.swift in Sources */ = {isa = PBXBuildFile; fileRef = 454890ED1A94334100680907 /* ViewController.swift */; };
		454890F11A94334100680907 /* Main.storyboard in Resources */ = {isa = PBXBuildFile; fileRef = 454890EF1A94334100680907 /* Main.storyboard */; };
		454890F31A94334100680907 /* Images.xcassets in Resources */ = {isa = PBXBuildFile; fileRef = 454890F21A94334100680907 /* Images.xcassets */; };
		454890F61A94334100680907 /* LaunchScreen.xib in Resources */ = {isa = PBXBuildFile; fileRef = 454890F41A94334100680907 /* LaunchScreen.xib */; };
		454891021A94334100680907 /* TweeterTests.swift in Sources */ = {isa = PBXBuildFile; fileRef = 454891011A94334100680907 /* TweeterTests.swift */; };
		454891101A9437DF00680907 /* TwitterClient.swift in Sources */ = {isa = PBXBuildFile; fileRef = 4548910F1A9437DF00680907 /* TwitterClient.swift */; };
		454891161A971AED00680907 /* ComposeViewController.swift in Sources */ = {isa = PBXBuildFile; fileRef = 454891141A971AED00680907 /* ComposeViewController.swift */; };
		454891191A971DA500680907 /* HomeViewController.swift in Sources */ = {isa = PBXBuildFile; fileRef = 454891181A971DA500680907 /* HomeViewController.swift */; };
		4548911F1A972B3300680907 /* HomeTableViewCell.swift in Sources */ = {isa = PBXBuildFile; fileRef = 4548911E1A972B3300680907 /* HomeTableViewCell.swift */; };
		454891221A9827F200680907 /* User.swift in Sources */ = {isa = PBXBuildFile; fileRef = 454891211A9827F200680907 /* User.swift */; };
		454891241A9827FA00680907 /* Tweet.swift in Sources */ = {isa = PBXBuildFile; fileRef = 454891231A9827FA00680907 /* Tweet.swift */; };
		454891281A998FE900680907 /* TweetDetailViewController.swift in Sources */ = {isa = PBXBuildFile; fileRef = 454891271A998FE900680907 /* TweetDetailViewController.swift */; };
		454891301A9AC61900680907 /* NSDateExtension.swift in Sources */ = {isa = PBXBuildFile; fileRef = 4548912F1A9AC61900680907 /* NSDateExtension.swift */; };
		4568750A1AA3F18E001FEE9E /* ProfileTableViewCell.swift in Sources */ = {isa = PBXBuildFile; fileRef = 456875091AA3F18E001FEE9E /* ProfileTableViewCell.swift */; };
		4568750C1AA3F1A5001FEE9E /* ProfileViewController.swift in Sources */ = {isa = PBXBuildFile; fileRef = 4568750B1AA3F1A5001FEE9E /* ProfileViewController.swift */; };
		456875101AA3FA2B001FEE9E /* ProfileTweetTableViewCell.swift in Sources */ = {isa = PBXBuildFile; fileRef = 4568750F1AA3FA2B001FEE9E /* ProfileTweetTableViewCell.swift */; };
		456875121AA423C8001FEE9E /* Sidebar.swift in Sources */ = {isa = PBXBuildFile; fileRef = 456875111AA423C8001FEE9E /* Sidebar.swift */; };
		456875141AA42416001FEE9E /* SideTableViewController.swift in Sources */ = {isa = PBXBuildFile; fileRef = 456875131AA42416001FEE9E /* SideTableViewController.swift */; };
		456875161AA429F7001FEE9E /* SidebarMenuItem.swift in Sources */ = {isa = PBXBuildFile; fileRef = 456875151AA429F7001FEE9E /* SidebarMenuItem.swift */; };
		B7B343A76B2A817AA304BB1A /* libPods.a in Frameworks */ = {isa = PBXBuildFile; fileRef = EF3C5D52A54E8676F52895AB /* libPods.a */; };
/* End PBXBuildFile section */

/* Begin PBXContainerItemProxy section */
		454890FC1A94334100680907 /* PBXContainerItemProxy */ = {
			isa = PBXContainerItemProxy;
			containerPortal = 454890DE1A94334100680907 /* Project object */;
			proxyType = 1;
			remoteGlobalIDString = 454890E51A94334100680907;
			remoteInfo = Tweeter;
		};
/* End PBXContainerItemProxy section */

/* Begin PBXFileReference section */
		3ECF04334CA5AF3CAD9E1A8D /* Pods.debug.xcconfig */ = {isa = PBXFileReference; includeInIndex = 1; lastKnownFileType = text.xcconfig; name = Pods.debug.xcconfig; path = "Pods/Target Support Files/Pods/Pods.debug.xcconfig"; sourceTree = "<group>"; };
		454890E61A94334100680907 /* Tweeter.app */ = {isa = PBXFileReference; explicitFileType = wrapper.application; includeInIndex = 0; path = Tweeter.app; sourceTree = BUILT_PRODUCTS_DIR; };
		454890EA1A94334100680907 /* Info.plist */ = {isa = PBXFileReference; lastKnownFileType = text.plist.xml; path = Info.plist; sourceTree = "<group>"; };
		454890EB1A94334100680907 /* AppDelegate.swift */ = {isa = PBXFileReference; lastKnownFileType = sourcecode.swift; path = AppDelegate.swift; sourceTree = "<group>"; };
		454890ED1A94334100680907 /* ViewController.swift */ = {isa = PBXFileReference; lastKnownFileType = sourcecode.swift; path = ViewController.swift; sourceTree = "<group>"; };
		454890F01A94334100680907 /* Base */ = {isa = PBXFileReference; lastKnownFileType = file.storyboard; name = Base; path = Base.lproj/Main.storyboard; sourceTree = "<group>"; };
		454890F21A94334100680907 /* Images.xcassets */ = {isa = PBXFileReference; lastKnownFileType = folder.assetcatalog; path = Images.xcassets; sourceTree = "<group>"; };
		454890F51A94334100680907 /* Base */ = {isa = PBXFileReference; lastKnownFileType = file.xib; name = Base; path = Base.lproj/LaunchScreen.xib; sourceTree = "<group>"; };
		454890FB1A94334100680907 /* TweeterTests.xctest */ = {isa = PBXFileReference; explicitFileType = wrapper.cfbundle; includeInIndex = 0; path = TweeterTests.xctest; sourceTree = BUILT_PRODUCTS_DIR; };
		454891001A94334100680907 /* Info.plist */ = {isa = PBXFileReference; lastKnownFileType = text.plist.xml; path = Info.plist; sourceTree = "<group>"; };
		454891011A94334100680907 /* TweeterTests.swift */ = {isa = PBXFileReference; lastKnownFileType = sourcecode.swift; path = TweeterTests.swift; sourceTree = "<group>"; };
		4548910B1A94373400680907 /* Tweeter-Bridging-Header.h */ = {isa = PBXFileReference; lastKnownFileType = sourcecode.c.h; path = "Tweeter-Bridging-Header.h"; sourceTree = "<group>"; };
		4548910F1A9437DF00680907 /* TwitterClient.swift */ = {isa = PBXFileReference; fileEncoding = 4; lastKnownFileType = sourcecode.swift; path = TwitterClient.swift; sourceTree = "<group>"; };
		454891141A971AED00680907 /* ComposeViewController.swift */ = {isa = PBXFileReference; fileEncoding = 4; lastKnownFileType = sourcecode.swift; path = ComposeViewController.swift; sourceTree = "<group>"; };
		454891181A971DA500680907 /* HomeViewController.swift */ = {isa = PBXFileReference; fileEncoding = 4; lastKnownFileType = sourcecode.swift; path = HomeViewController.swift; sourceTree = "<group>"; };
		4548911E1A972B3300680907 /* HomeTableViewCell.swift */ = {isa = PBXFileReference; fileEncoding = 4; lastKnownFileType = sourcecode.swift; path = HomeTableViewCell.swift; sourceTree = "<group>"; };
		454891211A9827F200680907 /* User.swift */ = {isa = PBXFileReference; fileEncoding = 4; lastKnownFileType = sourcecode.swift; path = User.swift; sourceTree = "<group>"; };
		454891231A9827FA00680907 /* Tweet.swift */ = {isa = PBXFileReference; fileEncoding = 4; lastKnownFileType = sourcecode.swift; path = Tweet.swift; sourceTree = "<group>"; };
		454891271A998FE900680907 /* TweetDetailViewController.swift */ = {isa = PBXFileReference; fileEncoding = 4; lastKnownFileType = sourcecode.swift; path = TweetDetailViewController.swift; sourceTree = "<group>"; };
		4548912F1A9AC61900680907 /* NSDateExtension.swift */ = {isa = PBXFileReference; fileEncoding = 4; lastKnownFileType = sourcecode.swift; path = NSDateExtension.swift; sourceTree = "<group>"; };
		456875091AA3F18E001FEE9E /* ProfileTableViewCell.swift */ = {isa = PBXFileReference; fileEncoding = 4; lastKnownFileType = sourcecode.swift; path = ProfileTableViewCell.swift; sourceTree = "<group>"; };
		4568750B1AA3F1A5001FEE9E /* ProfileViewController.swift */ = {isa = PBXFileReference; fileEncoding = 4; lastKnownFileType = sourcecode.swift; path = ProfileViewController.swift; sourceTree = "<group>"; };
		4568750F1AA3FA2B001FEE9E /* ProfileTweetTableViewCell.swift */ = {isa = PBXFileReference; fileEncoding = 4; lastKnownFileType = sourcecode.swift; path = ProfileTweetTableViewCell.swift; sourceTree = "<group>"; };
		456875111AA423C8001FEE9E /* Sidebar.swift */ = {isa = PBXFileReference; fileEncoding = 4; lastKnownFileType = sourcecode.swift; path = Sidebar.swift; sourceTree = "<group>"; };
		456875131AA42416001FEE9E /* SideTableViewController.swift */ = {isa = PBXFileReference; fileEncoding = 4; lastKnownFileType = sourcecode.swift; path = SideTableViewController.swift; sourceTree = "<group>"; };
		456875151AA429F7001FEE9E /* SidebarMenuItem.swift */ = {isa = PBXFileReference; fileEncoding = 4; lastKnownFileType = sourcecode.swift; path = SidebarMenuItem.swift; sourceTree = "<group>"; };
		D1080D437EB01CF999A78491 /* Pods.release.xcconfig */ = {isa = PBXFileReference; includeInIndex = 1; lastKnownFileType = text.xcconfig; name = Pods.release.xcconfig; path = "Pods/Target Support Files/Pods/Pods.release.xcconfig"; sourceTree = "<group>"; };
		EF3C5D52A54E8676F52895AB /* libPods.a */ = {isa = PBXFileReference; explicitFileType = archive.ar; includeInIndex = 0; path = libPods.a; sourceTree = BUILT_PRODUCTS_DIR; };
/* End PBXFileReference section */

/* Begin PBXFrameworksBuildPhase section */
		454890E31A94334100680907 /* Frameworks */ = {
			isa = PBXFrameworksBuildPhase;
			buildActionMask = 2147483647;
			files = (
				B7B343A76B2A817AA304BB1A /* libPods.a in Frameworks */,
			);
			runOnlyForDeploymentPostprocessing = 0;
		};
		454890F81A94334100680907 /* Frameworks */ = {
			isa = PBXFrameworksBuildPhase;
			buildActionMask = 2147483647;
			files = (
			);
			runOnlyForDeploymentPostprocessing = 0;
		};
/* End PBXFrameworksBuildPhase section */

/* Begin PBXGroup section */
		454890DD1A94334100680907 = {
			isa = PBXGroup;
			children = (
				454890E81A94334100680907 /* Tweeter */,
				454890FE1A94334100680907 /* TweeterTests */,
				454890E71A94334100680907 /* Products */,
				8CDAE90FAC86A61CB8B370CE /* Pods */,
				4EC55377E721FDD7C7CA41D4 /* Frameworks */,
			);
			sourceTree = "<group>";
		};
		454890E71A94334100680907 /* Products */ = {
			isa = PBXGroup;
			children = (
				454890E61A94334100680907 /* Tweeter.app */,
				454890FB1A94334100680907 /* TweeterTests.xctest */,
			);
			name = Products;
			sourceTree = "<group>";
		};
		454890E81A94334100680907 /* Tweeter */ = {
			isa = PBXGroup;
			children = (
				454891201A9827E000680907 /* Models */,
				454891131A97191400680907 /* View Controllers */,
				4548910E1A9437AF00680907 /* API */,
				454890EB1A94334100680907 /* AppDelegate.swift */,
				454890ED1A94334100680907 /* ViewController.swift */,
				454890EF1A94334100680907 /* Main.storyboard */,
				454890F21A94334100680907 /* Images.xcassets */,
				454890F41A94334100680907 /* LaunchScreen.xib */,
				454890E91A94334100680907 /* Supporting Files */,
				4548910B1A94373400680907 /* Tweeter-Bridging-Header.h */,
				4548912F1A9AC61900680907 /* NSDateExtension.swift */,
			);
			path = Tweeter;
			sourceTree = "<group>";
		};
		454890E91A94334100680907 /* Supporting Files */ = {
			isa = PBXGroup;
			children = (
				454890EA1A94334100680907 /* Info.plist */,
			);
			name = "Supporting Files";
			sourceTree = "<group>";
		};
		454890FE1A94334100680907 /* TweeterTests */ = {
			isa = PBXGroup;
			children = (
				454891011A94334100680907 /* TweeterTests.swift */,
				454890FF1A94334100680907 /* Supporting Files */,
			);
			path = TweeterTests;
			sourceTree = "<group>";
		};
		454890FF1A94334100680907 /* Supporting Files */ = {
			isa = PBXGroup;
			children = (
				454891001A94334100680907 /* Info.plist */,
			);
			name = "Supporting Files";
			sourceTree = "<group>";
		};
		4548910E1A9437AF00680907 /* API */ = {
			isa = PBXGroup;
			children = (
				4548910F1A9437DF00680907 /* TwitterClient.swift */,
			);
			name = API;
			sourceTree = "<group>";
		};
		454891131A97191400680907 /* View Controllers */ = {
			isa = PBXGroup;
			children = (
				454891141A971AED00680907 /* ComposeViewController.swift */,
				454891181A971DA500680907 /* HomeViewController.swift */,
				4548911E1A972B3300680907 /* HomeTableViewCell.swift */,
				454891271A998FE900680907 /* TweetDetailViewController.swift */,
				456875091AA3F18E001FEE9E /* ProfileTableViewCell.swift */,
				4568750B1AA3F1A5001FEE9E /* ProfileViewController.swift */,
				4568750F1AA3FA2B001FEE9E /* ProfileTweetTableViewCell.swift */,
				456875111AA423C8001FEE9E /* Sidebar.swift */,
				456875131AA42416001FEE9E /* SideTableViewController.swift */,
			);
			name = "View Controllers";
			sourceTree = "<group>";
		};
		454891201A9827E000680907 /* Models */ = {
			isa = PBXGroup;
			children = (
				454891211A9827F200680907 /* User.swift */,
				454891231A9827FA00680907 /* Tweet.swift */,
				456875151AA429F7001FEE9E /* SidebarMenuItem.swift */,
			);
			name = Models;
			sourceTree = "<group>";
		};
		4EC55377E721FDD7C7CA41D4 /* Frameworks */ = {
			isa = PBXGroup;
			children = (
				EF3C5D52A54E8676F52895AB /* libPods.a */,
			);
			name = Frameworks;
			sourceTree = "<group>";
		};
		8CDAE90FAC86A61CB8B370CE /* Pods */ = {
			isa = PBXGroup;
			children = (
				3ECF04334CA5AF3CAD9E1A8D /* Pods.debug.xcconfig */,
				D1080D437EB01CF999A78491 /* Pods.release.xcconfig */,
			);
			name = Pods;
			sourceTree = "<group>";
		};
/* End PBXGroup section */

/* Begin PBXNativeTarget section */
		454890E51A94334100680907 /* Tweeter */ = {
			isa = PBXNativeTarget;
			buildConfigurationList = 454891051A94334100680907 /* Build configuration list for PBXNativeTarget "Tweeter" */;
			buildPhases = (
				1DECA60E1128937D26368C90 /* Check Pods Manifest.lock */,
				454890E21A94334100680907 /* Sources */,
				454890E31A94334100680907 /* Frameworks */,
				454890E41A94334100680907 /* Resources */,
				A6E7017EC9EF3C69717D30E5 /* Copy Pods Resources */,
			);
			buildRules = (
			);
			dependencies = (
			);
			name = Tweeter;
			productName = Tweeter;
			productReference = 454890E61A94334100680907 /* Tweeter.app */;
			productType = "com.apple.product-type.application";
		};
		454890FA1A94334100680907 /* TweeterTests */ = {
			isa = PBXNativeTarget;
			buildConfigurationList = 454891081A94334100680907 /* Build configuration list for PBXNativeTarget "TweeterTests" */;
			buildPhases = (
				454890F71A94334100680907 /* Sources */,
				454890F81A94334100680907 /* Frameworks */,
				454890F91A94334100680907 /* Resources */,
			);
			buildRules = (
			);
			dependencies = (
				454890FD1A94334100680907 /* PBXTargetDependency */,
			);
			name = TweeterTests;
			productName = TweeterTests;
			productReference = 454890FB1A94334100680907 /* TweeterTests.xctest */;
			productType = "com.apple.product-type.bundle.unit-test";
		};
/* End PBXNativeTarget section */

/* Begin PBXProject section */
		454890DE1A94334100680907 /* Project object */ = {
			isa = PBXProject;
			attributes = {
				LastUpgradeCheck = 0620;
				ORGANIZATIONNAME = "Jehan Tremback";
				TargetAttributes = {
					454890E51A94334100680907 = {
						CreatedOnToolsVersion = 6.2;
					};
					454890FA1A94334100680907 = {
						CreatedOnToolsVersion = 6.2;
						TestTargetID = 454890E51A94334100680907;
					};
				};
			};
			buildConfigurationList = 454890E11A94334100680907 /* Build configuration list for PBXProject "Tweeter" */;
			compatibilityVersion = "Xcode 3.2";
			developmentRegion = English;
			hasScannedForEncodings = 0;
			knownRegions = (
				en,
				Base,
			);
			mainGroup = 454890DD1A94334100680907;
			productRefGroup = 454890E71A94334100680907 /* Products */;
			projectDirPath = "";
			projectRoot = "";
			targets = (
				454890E51A94334100680907 /* Tweeter */,
				454890FA1A94334100680907 /* TweeterTests */,
			);
		};
/* End PBXProject section */

/* Begin PBXResourcesBuildPhase section */
		454890E41A94334100680907 /* Resources */ = {
			isa = PBXResourcesBuildPhase;
			buildActionMask = 2147483647;
			files = (
				454890F11A94334100680907 /* Main.storyboard in Resources */,
				454890F61A94334100680907 /* LaunchScreen.xib in Resources */,
				454890F31A94334100680907 /* Images.xcassets in Resources */,
			);
			runOnlyForDeploymentPostprocessing = 0;
		};
		454890F91A94334100680907 /* Resources */ = {
			isa = PBXResourcesBuildPhase;
			buildActionMask = 2147483647;
			files = (
			);
			runOnlyForDeploymentPostprocessing = 0;
		};
/* End PBXResourcesBuildPhase section */

/* Begin PBXShellScriptBuildPhase section */
		1DECA60E1128937D26368C90 /* Check Pods Manifest.lock */ = {
			isa = PBXShellScriptBuildPhase;
			buildActionMask = 2147483647;
			files = (
			);
			inputPaths = (
			);
			name = "Check Pods Manifest.lock";
			outputPaths = (
			);
			runOnlyForDeploymentPostprocessing = 0;
			shellPath = /bin/sh;
			shellScript = "diff \"${PODS_ROOT}/../Podfile.lock\" \"${PODS_ROOT}/Manifest.lock\" > /dev/null\nif [[ $? != 0 ]] ; then\n    cat << EOM\nerror: The sandbox is not in sync with the Podfile.lock. Run 'pod install' or update your CocoaPods installation.\nEOM\n    exit 1\nfi\n";
			showEnvVarsInLog = 0;
		};
		A6E7017EC9EF3C69717D30E5 /* Copy Pods Resources */ = {
			isa = PBXShellScriptBuildPhase;
			buildActionMask = 2147483647;
			files = (
			);
			inputPaths = (
			);
			name = "Copy Pods Resources";
			outputPaths = (
			);
			runOnlyForDeploymentPostprocessing = 0;
			shellPath = /bin/sh;
			shellScript = "\"${SRCROOT}/Pods/Target Support Files/Pods/Pods-resources.sh\"\n";
			showEnvVarsInLog = 0;
		};
/* End PBXShellScriptBuildPhase section */

/* Begin PBXSourcesBuildPhase section */
		454890E21A94334100680907 /* Sources */ = {
			isa = PBXSourcesBuildPhase;
			buildActionMask = 2147483647;
			files = (
				4548911F1A972B3300680907 /* HomeTableViewCell.swift in Sources */,
				454891191A971DA500680907 /* HomeViewController.swift in Sources */,
				456875141AA42416001FEE9E /* SideTableViewController.swift in Sources */,
				454891281A998FE900680907 /* TweetDetailViewController.swift in Sources */,
				4568750A1AA3F18E001FEE9E /* ProfileTableViewCell.swift in Sources */,
				456875101AA3FA2B001FEE9E /* ProfileTweetTableViewCell.swift in Sources */,
				454890EE1A94334100680907 /* ViewController.swift in Sources */,
				454891101A9437DF00680907 /* TwitterClient.swift in Sources */,
				4568750C1AA3F1A5001FEE9E /* ProfileViewController.swift in Sources */,
				454890EC1A94334100680907 /* AppDelegate.swift in Sources */,
				454891301A9AC61900680907 /* NSDateExtension.swift in Sources */,
				454891161A971AED00680907 /* ComposeViewController.swift in Sources */,
				454891221A9827F200680907 /* User.swift in Sources */,
				456875121AA423C8001FEE9E /* Sidebar.swift in Sources */,
				456875161AA429F7001FEE9E /* SidebarMenuItem.swift in Sources */,
				454891241A9827FA00680907 /* Tweet.swift in Sources */,
			);
			runOnlyForDeploymentPostprocessing = 0;
		};
		454890F71A94334100680907 /* Sources */ = {
			isa = PBXSourcesBuildPhase;
			buildActionMask = 2147483647;
			files = (
				454891021A94334100680907 /* TweeterTests.swift in Sources */,
			);
			runOnlyForDeploymentPostprocessing = 0;
		};
/* End PBXSourcesBuildPhase section */

/* Begin PBXTargetDependency section */
		454890FD1A94334100680907 /* PBXTargetDependency */ = {
			isa = PBXTargetDependency;
			target = 454890E51A94334100680907 /* Tweeter */;
			targetProxy = 454890FC1A94334100680907 /* PBXContainerItemProxy */;
		};
/* End PBXTargetDependency section */

/* Begin PBXVariantGroup section */
		454890EF1A94334100680907 /* Main.storyboard */ = {
			isa = PBXVariantGroup;
			children = (
				454890F01A94334100680907 /* Base */,
			);
			name = Main.storyboard;
			sourceTree = "<group>";
		};
		454890F41A94334100680907 /* LaunchScreen.xib */ = {
			isa = PBXVariantGroup;
			children = (
				454890F51A94334100680907 /* Base */,
			);
			name = LaunchScreen.xib;
			sourceTree = "<group>";
		};
/* End PBXVariantGroup section */

/* Begin XCBuildConfiguration section */
		454891031A94334100680907 /* Debug */ = {
			isa = XCBuildConfiguration;
			buildSettings = {
				ALWAYS_SEARCH_USER_PATHS = NO;
				CLANG_CXX_LANGUAGE_STANDARD = "gnu++0x";
				CLANG_CXX_LIBRARY = "libc++";
				CLANG_ENABLE_MODULES = YES;
				CLANG_ENABLE_OBJC_ARC = YES;
				CLANG_WARN_BOOL_CONVERSION = YES;
				CLANG_WARN_CONSTANT_CONVERSION = YES;
				CLANG_WARN_DIRECT_OBJC_ISA_USAGE = YES_ERROR;
				CLANG_WARN_EMPTY_BODY = YES;
				CLANG_WARN_ENUM_CONVERSION = YES;
				CLANG_WARN_INT_CONVERSION = YES;
				CLANG_WARN_OBJC_ROOT_CLASS = YES_ERROR;
				CLANG_WARN_UNREACHABLE_CODE = YES;
				CLANG_WARN__DUPLICATE_METHOD_MATCH = YES;
				"CODE_SIGN_IDENTITY[sdk=iphoneos*]" = "iPhone Developer";
				COPY_PHASE_STRIP = NO;
				ENABLE_STRICT_OBJC_MSGSEND = YES;
				GCC_C_LANGUAGE_STANDARD = gnu99;
				GCC_DYNAMIC_NO_PIC = NO;
				GCC_OPTIMIZATION_LEVEL = 0;
				GCC_PREPROCESSOR_DEFINITIONS = (
					"DEBUG=1",
					"$(inherited)",
				);
				GCC_SYMBOLS_PRIVATE_EXTERN = NO;
				GCC_WARN_64_TO_32_BIT_CONVERSION = YES;
				GCC_WARN_ABOUT_RETURN_TYPE = YES_ERROR;
				GCC_WARN_UNDECLARED_SELECTOR = YES;
				GCC_WARN_UNINITIALIZED_AUTOS = YES_AGGRESSIVE;
				GCC_WARN_UNUSED_FUNCTION = YES;
				GCC_WARN_UNUSED_VARIABLE = YES;
				IPHONEOS_DEPLOYMENT_TARGET = 8.2;
				MTL_ENABLE_DEBUG_INFO = YES;
				ONLY_ACTIVE_ARCH = YES;
				SDKROOT = iphoneos;
				SWIFT_OPTIMIZATION_LEVEL = "-Onone";
				TARGETED_DEVICE_FAMILY = "1,2";
			};
			name = Debug;
		};
		454891041A94334100680907 /* Release */ = {
			isa = XCBuildConfiguration;
			buildSettings = {
				ALWAYS_SEARCH_USER_PATHS = NO;
				CLANG_CXX_LANGUAGE_STANDARD = "gnu++0x";
				CLANG_CXX_LIBRARY = "libc++";
				CLANG_ENABLE_MODULES = YES;
				CLANG_ENABLE_OBJC_ARC = YES;
				CLANG_WARN_BOOL_CONVERSION = YES;
				CLANG_WARN_CONSTANT_CONVERSION = YES;
				CLANG_WARN_DIRECT_OBJC_ISA_USAGE = YES_ERROR;
				CLANG_WARN_EMPTY_BODY = YES;
				CLANG_WARN_ENUM_CONVERSION = YES;
				CLANG_WARN_INT_CONVERSION = YES;
				CLANG_WARN_OBJC_ROOT_CLASS = YES_ERROR;
				CLANG_WARN_UNREACHABLE_CODE = YES;
				CLANG_WARN__DUPLICATE_METHOD_MATCH = YES;
				"CODE_SIGN_IDENTITY[sdk=iphoneos*]" = "iPhone Developer";
				COPY_PHASE_STRIP = NO;
				ENABLE_NS_ASSERTIONS = NO;
				ENABLE_STRICT_OBJC_MSGSEND = YES;
				GCC_C_LANGUAGE_STANDARD = gnu99;
				GCC_WARN_64_TO_32_BIT_CONVERSION = YES;
				GCC_WARN_ABOUT_RETURN_TYPE = YES_ERROR;
				GCC_WARN_UNDECLARED_SELECTOR = YES;
				GCC_WARN_UNINITIALIZED_AUTOS = YES_AGGRESSIVE;
				GCC_WARN_UNUSED_FUNCTION = YES;
				GCC_WARN_UNUSED_VARIABLE = YES;
				IPHONEOS_DEPLOYMENT_TARGET = 8.2;
				MTL_ENABLE_DEBUG_INFO = NO;
				SDKROOT = iphoneos;
				TARGETED_DEVICE_FAMILY = "1,2";
				VALIDATE_PRODUCT = YES;
			};
			name = Release;
		};
		454891061A94334100680907 /* Debug */ = {
			isa = XCBuildConfiguration;
			baseConfigurationReference = 3ECF04334CA5AF3CAD9E1A8D /* Pods.debug.xcconfig */;
			buildSettings = {
				ASSETCATALOG_COMPILER_APPICON_NAME = AppIcon;
				CLANG_ENABLE_MODULES = YES;
				INFOPLIST_FILE = Tweeter/Info.plist;
				LD_RUNPATH_SEARCH_PATHS = "$(inherited) @executable_path/Frameworks";
				PRODUCT_NAME = "$(TARGET_NAME)";
				SWIFT_OBJC_BRIDGING_HEADER = "Tweeter/Tweeter-Bridging-Header.h";
				SWIFT_OPTIMIZATION_LEVEL = "-Onone";
			};
			name = Debug;
		};
		454891071A94334100680907 /* Release */ = {
			isa = XCBuildConfiguration;
			baseConfigurationReference = D1080D437EB01CF999A78491 /* Pods.release.xcconfig */;
			buildSettings = {
				ASSETCATALOG_COMPILER_APPICON_NAME = AppIcon;
				CLANG_ENABLE_MODULES = YES;
				INFOPLIST_FILE = Tweeter/Info.plist;
				LD_RUNPATH_SEARCH_PATHS = "$(inherited) @executable_path/Frameworks";
				PRODUCT_NAME = "$(TARGET_NAME)";
				SWIFT_OBJC_BRIDGING_HEADER = "Tweeter/Tweeter-Bridging-Header.h";
			};
			name = Release;
		};
		454891091A94334100680907 /* Debug */ = {
			isa = XCBuildConfiguration;
			buildSettings = {
				BUNDLE_LOADER = "$(TEST_HOST)";
				FRAMEWORK_SEARCH_PATHS = (
					"$(SDKROOT)/Developer/Library/Frameworks",
					"$(inherited)",
				);
				GCC_PREPROCESSOR_DEFINITIONS = (
					"DEBUG=1",
					"$(inherited)",
				);
				INFOPLIST_FILE = TweeterTests/Info.plist;
				LD_RUNPATH_SEARCH_PATHS = "$(inherited) @executable_path/Frameworks @loader_path/Frameworks";
				PRODUCT_NAME = "$(TARGET_NAME)";
				TEST_HOST = "$(BUILT_PRODUCTS_DIR)/Tweeter.app/Tweeter";
			};
			name = Debug;
		};
		4548910A1A94334100680907 /* Release */ = {
			isa = XCBuildConfiguration;
			buildSettings = {
				BUNDLE_LOADER = "$(TEST_HOST)";
				FRAMEWORK_SEARCH_PATHS = (
					"$(SDKROOT)/Developer/Library/Frameworks",
					"$(inherited)",
				);
				INFOPLIST_FILE = TweeterTests/Info.plist;
				LD_RUNPATH_SEARCH_PATHS = "$(inherited) @executable_path/Frameworks @loader_path/Frameworks";
				PRODUCT_NAME = "$(TARGET_NAME)";
				TEST_HOST = "$(BUILT_PRODUCTS_DIR)/Tweeter.app/Tweeter";
			};
			name = Release;
		};
/* End XCBuildConfiguration section */

/* Begin XCConfigurationList section */
		454890E11A94334100680907 /* Build configuration list for PBXProject "Tweeter" */ = {
			isa = XCConfigurationList;
			buildConfigurations = (
				454891031A94334100680907 /* Debug */,
				454891041A94334100680907 /* Release */,
			);
			defaultConfigurationIsVisible = 0;
			defaultConfigurationName = Release;
		};
		454891051A94334100680907 /* Build configuration list for PBXNativeTarget "Tweeter" */ = {
			isa = XCConfigurationList;
			buildConfigurations = (
				454891061A94334100680907 /* Debug */,
				454891071A94334100680907 /* Release */,
			);
			defaultConfigurationIsVisible = 0;
			defaultConfigurationName = Release;
		};
		454891081A94334100680907 /* Build configuration list for PBXNativeTarget "TweeterTests" */ = {
			isa = XCConfigurationList;
			buildConfigurations = (
				454891091A94334100680907 /* Debug */,
				4548910A1A94334100680907 /* Release */,
			);
			defaultConfigurationIsVisible = 0;
			defaultConfigurationName = Release;
		};
/* End XCConfigurationList section */
	};
	rootObject = 454890DE1A94334100680907 /* Project object */;
}
